<?xml version="1.0" encoding="utf-8"?>
<Project ToolsVersion="4.0" xmlns="http://schemas.microsoft.com/developer/msbuild/2003">
  <ItemGroup>
    <Filter Include="ソース ファイル">
      <UniqueIdentifier>{4FC737F1-C7A5-4376-A066-2A32D752A2FF}</UniqueIdentifier>
      <Extensions>cpp;c;cc;cxx;c++;cppm;ixx;def;odl;idl;hpj;bat;asm;asmx</Extensions>
    </Filter>
    <Filter Include="ヘッダー ファイル">
      <UniqueIdentifier>{93995380-89BD-4b04-88EB-625FBE52EBFB}</UniqueIdentifier>
      <Extensions>h;hh;hpp;hxx;h++;hm;inl;inc;ipp;xsd</Extensions>
    </Filter>
    <Filter Include="リソース ファイル">
      <UniqueIdentifier>{67DA6AB6-F800-4c08-8B7A-83BB121AAD01}</UniqueIdentifier>
      <Extensions>rc;ico;cur;bmp;dlg;rc2;rct;bin;rgs;gif;jpg;jpeg;jpe;resx;tiff;tif;png;wav;mfcribbon-ms</Extensions>
    </Filter>
    <Filter Include="Game">
      <UniqueIdentifier>{752a21ee-e7de-4a16-b438-674621483b78}</UniqueIdentifier>
    </Filter>
    <Filter Include="Engine">
      <UniqueIdentifier>{26d7425f-63e8-482f-86fa-f7112f6cc3e6}</UniqueIdentifier>
    </Filter>
    <Filter Include="Engine\Include">
      <UniqueIdentifier>{a47b6f5d-04e7-4049-a36c-f9f17a92a060}</UniqueIdentifier>
    </Filter>
    <Filter Include="Engine\Include\WinApp">
      <UniqueIdentifier>{b4065c34-3f76-48ac-b5f2-e3c24fccabea}</UniqueIdentifier>
    </Filter>
    <Filter Include="Engine\Include\Func">
      <UniqueIdentifier>{177d7a04-8e27-4275-aee5-032afac81a6a}</UniqueIdentifier>
    </Filter>
    <Filter Include="Engine\Include\Func\ConvertString">
      <UniqueIdentifier>{555cc1e8-023f-47bb-923d-b9379f5e2179}</UniqueIdentifier>
    </Filter>
    <Filter Include="Engine\Include\Log">
      <UniqueIdentifier>{d3347417-8f9d-4ab0-b3e8-a57269f8a103}</UniqueIdentifier>
    </Filter>
    <Filter Include="Engine\Include\RenderContext">
      <UniqueIdentifier>{96d202da-4bba-4cfc-86ed-7ccd845430ff}</UniqueIdentifier>
    </Filter>
    <Filter Include="Engine\Include\Func\CrushHandler">
      <UniqueIdentifier>{405e70ae-c904-49b2-9342-dbc05e93cbff}</UniqueIdentifier>
    </Filter>
    <Filter Include="Engine\Include\RenderContext\DX12Core">
      <UniqueIdentifier>{2163670b-41eb-4ba9-a4c9-55540703ae9f}</UniqueIdentifier>
    </Filter>
    <Filter Include="Engine\Include\RenderContext\DX12Command">
      <UniqueIdentifier>{071b5edf-23df-4601-916e-bc0fd0b1deaf}</UniqueIdentifier>
    </Filter>
    <Filter Include="Engine\Include\RenderContext\DX12Heap">
      <UniqueIdentifier>{1d03d300-fbd9-4aea-96ce-4c173600d31f}</UniqueIdentifier>
    </Filter>
    <Filter Include="Engine\Include\RenderContext\DX12Buffering">
      <UniqueIdentifier>{dc1bdf8e-9a1b-4ba7-b647-9a01b89afd0d}</UniqueIdentifier>
    </Filter>
    <Filter Include="Engine\Include\RenderContext\DX12Fence">
      <UniqueIdentifier>{da7c87a1-b8f2-4ffd-8fd9-d1037f881610}</UniqueIdentifier>
    </Filter>
    <Filter Include="Engine\Include\RenderContext\DX12Debug">
      <UniqueIdentifier>{985323d0-6e1b-4c47-bc7e-e52ab80e76b7}</UniqueIdentifier>
    </Filter>
    <Filter Include="Engine\Include\Func\ResourceFunc">
      <UniqueIdentifier>{54355554-433a-4786-b735-9f1595b0698c}</UniqueIdentifier>
    </Filter>
    <Filter Include="Engine\Include\ShaderCompiler">
      <UniqueIdentifier>{1ba9a574-79a6-4f0d-ab3e-92319349d734}</UniqueIdentifier>
    </Filter>
    <Filter Include="Engine\Include\RenderContext\DX12Offscreen">
      <UniqueIdentifier>{997cf30e-719e-4eb4-9062-d1089326c5c2}</UniqueIdentifier>
    </Filter>
    <Filter Include="Engine\Include\Resource">
      <UniqueIdentifier>{a7f90c2c-642e-4a36-ae1d-1feb98b16259}</UniqueIdentifier>
    </Filter>
    <Filter Include="Engine\Include\Resource\OffscreenResource">
      <UniqueIdentifier>{55ffed72-e33c-45de-9444-266e7edc9b79}</UniqueIdentifier>
    </Filter>
    <Filter Include="Engine\Include\Math">
      <UniqueIdentifier>{d13ee944-a3eb-4a26-9227-08ac7fcc613a}</UniqueIdentifier>
    </Filter>
    <Filter Include="Engine\Include\Resource\DepthResource">
      <UniqueIdentifier>{8117933b-3eb3-4b14-8749-4fe99f9e96eb}</UniqueIdentifier>
    </Filter>
    <Filter Include="Engine\Shader">
      <UniqueIdentifier>{07fc7440-bdd2-4906-aff3-3f22ca13e8aa}</UniqueIdentifier>
    </Filter>
    <Filter Include="Engine\Shader\Fullscreen">
      <UniqueIdentifier>{05262db1-77f6-44b0-818b-b46c6e17a34f}</UniqueIdentifier>
    </Filter>
    <Filter Include="Engine\Shader\PostEffect">
      <UniqueIdentifier>{f9649a2e-7199-4822-a26a-908fe34d61d8}</UniqueIdentifier>
    </Filter>
    <Filter Include="Engine\Include\PSO">
      <UniqueIdentifier>{32654d02-54f6-43f7-a903-978e1a5745ed}</UniqueIdentifier>
    </Filter>
    <Filter Include="Engine\Include\PSO\PSOPostEffect">
      <UniqueIdentifier>{107ff5f9-3acc-491b-9a87-6f197d52f300}</UniqueIdentifier>
    </Filter>
    <Filter Include="Engine\Include\PSO\PSOPostEffect\PSOCopyImage">
      <UniqueIdentifier>{f0687372-a2e8-4b3e-95fc-fe9d83e0e04b}</UniqueIdentifier>
    </Filter>
    <Filter Include="Engine\Include\Math\Vector">
      <UniqueIdentifier>{58573b24-c78f-46ce-856a-ea8f0a252364}</UniqueIdentifier>
    </Filter>
    <Filter Include="Engine\Include\Math\Vector\Vector3">
      <UniqueIdentifier>{3b472aef-9434-457e-8d9b-f462e4b3a749}</UniqueIdentifier>
    </Filter>
    <Filter Include="Engine\Include\Math\Vector\Vector2">
      <UniqueIdentifier>{63ea2a94-05d8-4ab4-b48d-d588d91dbb74}</UniqueIdentifier>
    </Filter>
    <Filter Include="Engine\Include\Math\Vector\Vector4">
      <UniqueIdentifier>{7b7a9462-edb4-4d78-aaae-2c261b542aa9}</UniqueIdentifier>
    </Filter>
    <Filter Include="Engine\Include\Math\Quaternion">
      <UniqueIdentifier>{982f213f-5c91-49b0-b071-b9f9db30cb91}</UniqueIdentifier>
    </Filter>
    <Filter Include="Engine\Include\Math\Matrix">
      <UniqueIdentifier>{b590c4b1-a06d-4d36-8c4e-2c43b694f1ae}</UniqueIdentifier>
    </Filter>
    <Filter Include="Engine\Include\Math\Matrix\Matrix4x4">
      <UniqueIdentifier>{cdc68e37-ca53-4e5c-b093-f2aef5d09706}</UniqueIdentifier>
    </Filter>
    <Filter Include="Engine\Include\Math\Matrix\Matrix3x3">
      <UniqueIdentifier>{b6caceac-04d8-4b1e-aa37-149acfd3ef20}</UniqueIdentifier>
    </Filter>
    <Filter Include="Engine\Include\Func\TextureFurnc">
      <UniqueIdentifier>{b80a281c-1caf-497f-b378-80ac4299d4d3}</UniqueIdentifier>
    </Filter>
    <Filter Include="Engine\Include\RenderContext\ImGuiRender">
      <UniqueIdentifier>{c903f1c1-eb09-48cd-b729-e2aa63df6228}</UniqueIdentifier>
    </Filter>
    <Filter Include="Engine\Include\Func\ModelFunc">
      <UniqueIdentifier>{5308e489-03c7-4d3b-a28e-667f5c7e4aca}</UniqueIdentifier>
    </Filter>
    <Filter Include="Engine\Include\Data">
      <UniqueIdentifier>{22ba9e1d-2c83-4280-96c8-07cdfab290cc}</UniqueIdentifier>
    </Filter>
    <Filter Include="Engine\Include\Data\ModelData">
      <UniqueIdentifier>{abc4fd21-8032-4689-9c5a-5f813bfaa504}</UniqueIdentifier>
    </Filter>
    <Filter Include="Engine\Include\Data\TransformData">
      <UniqueIdentifier>{f43b7ffb-746e-4a00-9fcb-c43611a3ce4e}</UniqueIdentifier>
    </Filter>
    <Filter Include="Engine\Include\Application">
      <UniqueIdentifier>{cbd2def3-55ef-4a0e-abc3-4e9c519d108c}</UniqueIdentifier>
    </Filter>
    <Filter Include="Engine\Include\Application\Framework">
      <UniqueIdentifier>{28a11f44-7230-499b-914e-50d8699ab992}</UniqueIdentifier>
    </Filter>
    <Filter Include="Engine\Include\Application\WorldTransform">
      <UniqueIdentifier>{0ad18073-ba3c-494e-b0c6-9496ce2e47ae}</UniqueIdentifier>
    </Filter>
    <Filter Include="Engine\Include\Application\WorldTransform\WorldTransform3D">
      <UniqueIdentifier>{43656b36-dfaf-4cc2-abb8-56670278bac9}</UniqueIdentifier>
    </Filter>
    <Filter Include="Engine\Include\Application\Camera">
      <UniqueIdentifier>{369b95b5-4e1d-453f-83f0-5a840ea621b9}</UniqueIdentifier>
    </Filter>
    <Filter Include="Engine\Include\Application\Camera\Camera3D">
      <UniqueIdentifier>{64c1cc8a-01ad-49ee-a416-1f3d9b1538e7}</UniqueIdentifier>
    </Filter>
    <Filter Include="Engine\Include\Application\Scene">
      <UniqueIdentifier>{2b6987f3-1661-4e35-87a4-741846bb7173}</UniqueIdentifier>
    </Filter>
    <Filter Include="Engine\Include\Handle">
      <UniqueIdentifier>{8d8048e8-594f-4a10-aa6c-4de57edcf1d7}</UniqueIdentifier>
    </Filter>
    <Filter Include="Engine\Include\Store">
      <UniqueIdentifier>{cbafcb67-723c-4a87-b94b-18f6bdbb3baa}</UniqueIdentifier>
    </Filter>
    <Filter Include="Engine\Include\Store\TextureStore">
      <UniqueIdentifier>{42441166-4c82-4f35-9d1b-56d62a18374c}</UniqueIdentifier>
    </Filter>
    <Filter Include="Engine\Include\Resource\IndexResource">
      <UniqueIdentifier>{50ed5d52-e417-4493-9ba2-f8b1a33ce612}</UniqueIdentifier>
    </Filter>
    <Filter Include="Engine\Include\Input">
      <UniqueIdentifier>{4b7da7d8-9a89-476e-83bb-74f9a04be64f}</UniqueIdentifier>
    </Filter>
    <Filter Include="Engine\Include\Store\AudioStore">
      <UniqueIdentifier>{bad58b82-aea1-4ac7-ba72-606674d54735}</UniqueIdentifier>
    </Filter>
    <Filter Include="Engine\Include\Func\RandomFunc">
      <UniqueIdentifier>{2d5e846d-c381-4c08-9eaa-f1fdf2b301ee}</UniqueIdentifier>
    </Filter>
    <Filter Include="Engine\Include\Application\AudioObject">
      <UniqueIdentifier>{b1fede05-3cae-4912-8f69-edb5b3d2d7ea}</UniqueIdentifier>
    </Filter>
    <Filter Include="Engine\Shader\Skinning">
      <UniqueIdentifier>{88f2bace-352c-425f-a40c-860d7e1bbb41}</UniqueIdentifier>
    </Filter>
    <Filter Include="Engine\Include\PSO\ComputePSO">
      <UniqueIdentifier>{5fd6ac47-8fa6-4ce5-9da6-c20846bc8c84}</UniqueIdentifier>
    </Filter>
    <Filter Include="Engine\Include\PSO\ComputePSO\ComputePSOSkinning">
      <UniqueIdentifier>{41d53366-bbcb-44b2-bfec-35e3ab604f90}</UniqueIdentifier>
    </Filter>
    <Filter Include="Engine\Include\Data\AnimationData">
      <UniqueIdentifier>{5d8e7282-6ed3-42ff-8ce5-69b38eca8542}</UniqueIdentifier>
    </Filter>
    <Filter Include="Engine\Include\Data\SkeletonData">
      <UniqueIdentifier>{62c69e80-3e91-439e-8d58-17a1bbee1b62}</UniqueIdentifier>
    </Filter>
    <Filter Include="Engine\Include\Store\ModelStore">
      <UniqueIdentifier>{53409d2f-1aa8-41f0-b8ea-b9932f325212}</UniqueIdentifier>
    </Filter>
    <Filter Include="Engine\Include\Store\AnimationStore">
      <UniqueIdentifier>{25a47b71-f79e-4365-88fc-92cade5491ae}</UniqueIdentifier>
    </Filter>
    <Filter Include="Engine\Include\Store\SkeletonStore">
      <UniqueIdentifier>{c9901146-24d7-41c6-b802-1a69cacfc4a5}</UniqueIdentifier>
    </Filter>
    <Filter Include="Engine\Include\Store\ModelStore\ModelResource">
      <UniqueIdentifier>{b7a39319-e119-46e5-893e-275e6e2753a8}</UniqueIdentifier>
    </Filter>
  </ItemGroup>
  <ItemGroup>
    <ClCompile Include="main.cpp">
      <Filter>ソース ファイル</Filter>
    </ClCompile>
    <ClCompile Include="Engine\GrowthEngine.cpp">
      <Filter>Engine\Include</Filter>
    </ClCompile>
    <ClCompile Include="Engine\WinApp\WinApp.cpp">
      <Filter>Engine\Include\WinApp</Filter>
    </ClCompile>
    <ClCompile Include="Engine\Func\ConvertString\ConvertString.cpp">
      <Filter>Engine\Include\Func\ConvertString</Filter>
    </ClCompile>
    <ClCompile Include="Game\Game.cpp">
      <Filter>Game</Filter>
    </ClCompile>
    <ClCompile Include="Engine\Log\Log.cpp">
      <Filter>Engine\Include\Log</Filter>
    </ClCompile>
    <ClCompile Include="Engine\RenderContext\RenderContext.cpp">
      <Filter>Engine\Include\RenderContext</Filter>
    </ClCompile>
    <ClCompile Include="Engine\RenderContext\DX12Core\DX12Core.cpp">
      <Filter>Engine\Include\RenderContext\DX12Core</Filter>
    </ClCompile>
    <ClCompile Include="Engine\RenderContext\DX12Command\DX12Command.cpp">
      <Filter>Engine\Include\RenderContext\DX12Command</Filter>
    </ClCompile>
    <ClCompile Include="Engine\RenderContext\DX12Heap\DX12Heap.cpp">
      <Filter>Engine\Include\RenderContext\DX12Heap</Filter>
    </ClCompile>
    <ClCompile Include="Engine\RenderContext\DX12Buffering\DX12Buffering.cpp">
      <Filter>Engine\Include\RenderContext\DX12Buffering</Filter>
    </ClCompile>
    <ClCompile Include="Engine\RenderContext\DX12Fence\DX12Fence.cpp">
      <Filter>Engine\Include\RenderContext\DX12Fence</Filter>
    </ClCompile>
    <ClCompile Include="Engine\RenderContext\DX12Debug\DX12Debug.cpp">
      <Filter>Engine\Include\RenderContext\DX12Debug</Filter>
    </ClCompile>
    <ClCompile Include="Engine\Func\ResourceFunc\ResourceFunc.cpp">
      <Filter>Engine\Include\Func\ResourceFunc</Filter>
    </ClCompile>
    <ClCompile Include="Engine\ShaderCompiler\ShaderCompiler.cpp">
      <Filter>Engine\Include\ShaderCompiler</Filter>
    </ClCompile>
    <ClCompile Include="Engine\RenderContext\DX12Offscreen\DX12Offscreen.cpp">
      <Filter>Engine\Include\RenderContext\DX12Offscreen</Filter>
    </ClCompile>
    <ClCompile Include="Engine\Resource\OffscreenResource\OffscreenResource.cpp">
      <Filter>Engine\Include\Resource\OffscreenResource</Filter>
    </ClCompile>
    <ClCompile Include="Engine\Math\Vector\Vector4\Vector4.cpp">
      <Filter>Engine\Include\Math\Vector\Vector4</Filter>
    </ClCompile>
    <ClCompile Include="Engine\Resource\DepthResource\DepthResource.cpp">
      <Filter>Engine\Include\Resource\DepthResource</Filter>
    </ClCompile>
    <ClCompile Include="Engine\Math\Vector\Vector2\Vector2.cpp">
      <Filter>Engine\Include\Math\Vector\Vector2</Filter>
    </ClCompile>
    <ClCompile Include="Engine\PSO\PSOPostEffect\BasePSOPostEffect\BasePSOPostEffect.cpp">
      <Filter>Engine\Include\PSO\PSOPostEffect</Filter>
    </ClCompile>
    <ClCompile Include="Engine\PSO\PSOPostEffect\BasePSOPostEffect\PSOCopyImage\PSOCopyImage.cpp">
      <Filter>Engine\Include\PSO\PSOPostEffect\PSOCopyImage</Filter>
    </ClCompile>
    <ClCompile Include="Engine\Math\Vector\Vector3\Vector3.cpp">
      <Filter>Engine\Include\Math\Vector\Vector3</Filter>
    </ClCompile>
    <ClCompile Include="Engine\Math\Quaternion\Quaternion.cpp">
      <Filter>Engine\Include\Math\Quaternion</Filter>
    </ClCompile>
    <ClCompile Include="Engine\Math\Matrix\Matrix3x3\Matrix3x3.cpp">
      <Filter>Engine\Include\Math\Matrix\Matrix3x3</Filter>
    </ClCompile>
    <ClCompile Include="Engine\Math\Matrix\Matrix4x4\Matrix4x4.cpp">
      <Filter>Engine\Include\Math\Matrix\Matrix4x4</Filter>
    </ClCompile>
    <ClCompile Include="Engine\Func\TextureFunc\TextureFunc.cpp">
      <Filter>Engine\Include\Func\TextureFurnc</Filter>
    </ClCompile>
    <ClCompile Include="Engine\RenderContext\ImGuiRender\ImGuiRender.cpp">
      <Filter>Engine\Include\RenderContext\ImGuiRender</Filter>
    </ClCompile>
    <ClCompile Include="Engine\Func\ModelFunc\ModelFunc.cpp">
      <Filter>Engine\Include\Func\ModelFunc</Filter>
    </ClCompile>
    <ClCompile Include="Engine\Application\WorldTransform\WorldTransform3D\WorldTransform3D.cpp">
      <Filter>Engine\Include\Application\WorldTransform\WorldTransform3D</Filter>
    </ClCompile>
    <ClCompile Include="Engine\Application\Camera\Camera3D.cpp">
      <Filter>Engine\Include\Application\Camera\Camera3D</Filter>
    </ClCompile>
    <ClCompile Include="Engine\Application\Framework\Framework.cpp">
      <Filter>Engine\Include\Application\Framework</Filter>
    </ClCompile>
    <ClCompile Include="Engine\Application\Scene\Scene.cpp">
      <Filter>Engine\Include\Application\Scene</Filter>
    </ClCompile>
    <ClCompile Include="Engine\Store\TextureStore\TextureStore.cpp">
      <Filter>Engine\Include\Store\TextureStore</Filter>
    </ClCompile>
    <ClCompile Include="Engine\Resource\IndexResource\IndexResource.cpp">
      <Filter>Engine\Include\Resource\IndexResource</Filter>
    </ClCompile>
    <ClCompile Include="Engine\Input\Input.cpp">
      <Filter>Engine\Include\Input</Filter>
    </ClCompile>
    <ClCompile Include="Engine\Store\AudioStore\AudioStore.cpp">
      <Filter>Engine\Include\Store\AudioStore</Filter>
    </ClCompile>
    <ClCompile Include="Engine\Application\AudioObject\AudioObject.cpp">
      <Filter>Engine\Include\Application\AudioObject</Filter>
    </ClCompile>
    <ClCompile Include="Engine\PSO\ComputePSO\BaseComputePSO.cpp">
      <Filter>Engine\Include\PSO\ComputePSO</Filter>
    </ClCompile>
    <ClCompile Include="Engine\PSO\ComputePSO\ComputePSOSkinning\ComputePSOSkinning.cpp">
      <Filter>Engine\Include\PSO\ComputePSO\ComputePSOSkinning</Filter>
    </ClCompile>
    <ClCompile Include="Engine\Store\ModelStore\ModelStore.cpp">
      <Filter>Engine\Include\Store\ModelStore</Filter>
    </ClCompile>
    <ClCompile Include="Engine\Store\AnimationStore\AnimationStore.cpp">
      <Filter>Engine\Include\Store\AnimationStore</Filter>
    </ClCompile>
    <ClCompile Include="Engine\Store\SkeletonStore\SkeletonStore.cpp">
      <Filter>Engine\Include\Store\SkeletonStore</Filter>
    </ClCompile>
    <ClCompile Include="Engine\Store\ModelStore\ModelResource\ModelResource.cpp">
      <Filter>Engine\Include\Store\ModelStore\ModelResource</Filter>
    </ClCompile>
  </ItemGroup>
  <ItemGroup>
    <ClInclude Include="Engine\GrowthEngine.h">
      <Filter>Engine\Include</Filter>
    </ClInclude>
    <ClInclude Include="Engine\WinApp\WinApp.h">
      <Filter>Engine\Include\WinApp</Filter>
    </ClInclude>
    <ClInclude Include="Engine\Func\ConvertString\ConvertString.h">
      <Filter>Engine\Include\Func\ConvertString</Filter>
    </ClInclude>
    <ClInclude Include="Game\Game.h">
      <Filter>Game</Filter>
    </ClInclude>
    <ClInclude Include="Engine\Log\Log.h">
      <Filter>Engine\Include\Log</Filter>
    </ClInclude>
    <ClInclude Include="Engine\RenderContext\RenderContext.h">
      <Filter>Engine\Include\RenderContext</Filter>
    </ClInclude>
    <ClInclude Include="Engine\Func\CrushHandler\CrushHandler.h">
      <Filter>Engine\Include\Func\CrushHandler</Filter>
    </ClInclude>
    <ClInclude Include="Engine\RenderContext\DX12Core\DX12Core.h">
      <Filter>Engine\Include\RenderContext\DX12Core</Filter>
    </ClInclude>
    <ClInclude Include="Engine\RenderContext\DX12Command\DX12Command.h">
      <Filter>Engine\Include\RenderContext\DX12Command</Filter>
    </ClInclude>
    <ClInclude Include="Engine\RenderContext\DX12Heap\DX12Heap.h">
      <Filter>Engine\Include\RenderContext\DX12Heap</Filter>
    </ClInclude>
    <ClInclude Include="Engine\RenderContext\DX12Buffering\DX12Buffering.h">
      <Filter>Engine\Include\RenderContext\DX12Buffering</Filter>
    </ClInclude>
    <ClInclude Include="Engine\RenderContext\DX12Fence\DX12Fence.h">
      <Filter>Engine\Include\RenderContext\DX12Fence</Filter>
    </ClInclude>
    <ClInclude Include="Engine\RenderContext\DX12Debug\DX12Debug.h">
      <Filter>Engine\Include\RenderContext\DX12Debug</Filter>
    </ClInclude>
    <ClInclude Include="Engine\Func\ResourceFunc\ResourceFunc.h">
      <Filter>Engine\Include\Func\ResourceFunc</Filter>
    </ClInclude>
    <ClInclude Include="Engine\ShaderCompiler\ShaderCompiler.h">
      <Filter>Engine\Include\ShaderCompiler</Filter>
    </ClInclude>
    <ClInclude Include="Engine\RenderContext\DX12Offscreen\DX12Offscreen.h">
      <Filter>Engine\Include\RenderContext\DX12Offscreen</Filter>
    </ClInclude>
    <ClInclude Include="Engine\Resource\OffscreenResource\OffscreenResource.h">
      <Filter>Engine\Include\Resource\OffscreenResource</Filter>
    </ClInclude>
    <ClInclude Include="Engine\Math\Vector\Vector4\Vector4.h">
      <Filter>Engine\Include\Math\Vector\Vector4</Filter>
    </ClInclude>
    <ClInclude Include="Engine\Resource\DepthResource\DepthResource.h">
      <Filter>Engine\Include\Resource\DepthResource</Filter>
    </ClInclude>
    <ClInclude Include="Engine\Math\Vector\Vector2\Vector2.h">
      <Filter>Engine\Include\Math\Vector\Vector2</Filter>
    </ClInclude>
    <ClInclude Include="Engine\PSO\PSOPostEffect\BasePSOPostEffect\BasePSOPostEffect.h">
      <Filter>Engine\Include\PSO\PSOPostEffect</Filter>
    </ClInclude>
    <ClInclude Include="Engine\PSO\PSOPostEffect\BasePSOPostEffect\PSOCopyImage\PSOCopyImage.h">
      <Filter>Engine\Include\PSO\PSOPostEffect\PSOCopyImage</Filter>
    </ClInclude>
    <ClInclude Include="Engine\Math\Vector\Vector3\Vector3.h">
      <Filter>Engine\Include\Math\Vector\Vector3</Filter>
    </ClInclude>
    <ClInclude Include="Engine\Math\Quaternion\Quaternion.h">
      <Filter>Engine\Include\Math\Quaternion</Filter>
    </ClInclude>
    <ClInclude Include="Engine\Math\Matrix\Matrix3x3\Matrix3x3.h">
      <Filter>Engine\Include\Math\Matrix\Matrix3x3</Filter>
    </ClInclude>
    <ClInclude Include="Engine\Math\Matrix\Matrix4x4\Matrix4x4.h">
      <Filter>Engine\Include\Math\Matrix\Matrix4x4</Filter>
    </ClInclude>
    <ClInclude Include="Engine\Func\TextureFunc\TextureFunc.h">
      <Filter>Engine\Include\Func\TextureFurnc</Filter>
    </ClInclude>
    <ClInclude Include="Engine\RenderContext\ImGuiRender\ImGuiRender.h">
      <Filter>Engine\Include\RenderContext\ImGuiRender</Filter>
    </ClInclude>
    <ClInclude Include="Engine\Func\ModelFunc\ModelFunc.h">
      <Filter>Engine\Include\Func\ModelFunc</Filter>
    </ClInclude>
    <ClInclude Include="Engine\Data\ModelData\ModelData.h">
      <Filter>Engine\Include\Data\ModelData</Filter>
    </ClInclude>
    <ClInclude Include="Engine\Data\TransformData\TransformData.h">
      <Filter>Engine\Include\Data\TransformData</Filter>
    </ClInclude>
    <ClInclude Include="Engine\Application\WorldTransform\WorldTransform3D\WorldTransform3D.h">
      <Filter>Engine\Include\Application\WorldTransform\WorldTransform3D</Filter>
    </ClInclude>
    <ClInclude Include="Engine\Application\Camera\Camera3D.h">
      <Filter>Engine\Include\Application\Camera\Camera3D</Filter>
    </ClInclude>
    <ClInclude Include="Engine\Application\Framework\Framework.h">
      <Filter>Engine\Include\Application\Framework</Filter>
    </ClInclude>
    <ClInclude Include="Engine\Application\Scene\Scene.h">
      <Filter>Engine\Include\Application\Scene</Filter>
    </ClInclude>
    <ClInclude Include="Engine\Handle\Handle.h">
      <Filter>Engine\Include\Handle</Filter>
    </ClInclude>
    <ClInclude Include="Engine\Store\TextureStore\TextureStore.h">
      <Filter>Engine\Include\Store\TextureStore</Filter>
    </ClInclude>
    <ClInclude Include="Engine\Resource\IndexResource\IndexResource.h">
      <Filter>Engine\Include\Resource\IndexResource</Filter>
    </ClInclude>
    <ClInclude Include="Engine\Input\Input.h">
      <Filter>Engine\Include\Input</Filter>
    </ClInclude>
    <ClInclude Include="Engine\Store\AudioStore\AudioStore.h">
      <Filter>Engine\Include\Store\AudioStore</Filter>
    </ClInclude>
    <ClInclude Include="Engine\Func\RandomFunc\RandomFunc.h">
      <Filter>Engine\Include\Func\RandomFunc</Filter>
    </ClInclude>
    <ClInclude Include="Engine\Application\AudioObject\AudioObject.h">
      <Filter>Engine\Include\Application\AudioObject</Filter>
    </ClInclude>
    <ClInclude Include="Engine\PSO\ComputePSO\BaseComputePSO.h">
      <Filter>Engine\Include\PSO\ComputePSO</Filter>
    </ClInclude>
    <ClInclude Include="Engine\PSO\ComputePSO\ComputePSOSkinning\ComputePSOSkinning.h">
      <Filter>Engine\Include\PSO\ComputePSO\ComputePSOSkinning</Filter>
    </ClInclude>
    <ClInclude Include="Engine\Data\SkeletonData\SkeletonData.h">
      <Filter>Engine\Include\Data\SkeletonData</Filter>
    </ClInclude>
    <ClInclude Include="Engine\Data\AnimationData\AnimationData.h">
      <Filter>Engine\Include\Data\AnimationData</Filter>
    </ClInclude>
    <ClInclude Include="Engine\Store\ModelStore\ModelStore.h">
      <Filter>Engine\Include\Store\ModelStore</Filter>
    </ClInclude>
    <ClInclude Include="Engine\Store\AnimationStore\AnimationStore.h">
      <Filter>Engine\Include\Store\AnimationStore</Filter>
    </ClInclude>
    <ClInclude Include="Engine\Store\SkeletonStore\SkeletonStore.h">
      <Filter>Engine\Include\Store\SkeletonStore</Filter>
    </ClInclude>
    <ClInclude Include="Engine\Store\ModelStore\ModelResource\ModelResource.h">
      <Filter>Engine\Include\Store\ModelStore\ModelResource</Filter>
    </ClInclude>
  </ItemGroup>
  <ItemGroup>
    <None Include="Resources\Shader\Fullscreen\Fullscreen.hlsli">
      <Filter>Engine\Shader\Fullscreen</Filter>
    </None>
  </ItemGroup>
  <ItemGroup>
    <FxCompile Include="Resources\Shader\Fullscreen\Fullscreen.VS.hlsl">
      <Filter>Engine\Shader\Fullscreen</Filter>
    </FxCompile>
    <FxCompile Include="Resources\Shader\PostEffect\CopyImage.PS.hlsl">
      <Filter>Engine\Shader\PostEffect</Filter>
    </FxCompile>
    <FxCompile Include="Resources\Shader\Skinning\Skinning.CS.hlsl">
      <Filter>Engine\Shader\Skinning</Filter>
    </FxCompile>
  </ItemGroup>
</Project>